
Microsoft Visual Studio Solution File, Format Version 12.00
# Visual Studio Version 16
VisualStudioVersion = 16.0.29411.108
MinimumVisualStudioVersion = 10.0.40219.1
Project("{9A19103F-16F7-4668-BE54-9A1E7A4F7556}") = "AwesomeSpa", "AwesomeSpa.csproj", "{A18BE8F9-334C-4798-9178-96332E049F2D}"
EndProject
Project("{FAE04EC0-301F-11D3-BF4B-00C04F79EFBC}") = "AwesomeSpa.UnitTests", "..\AwesomeSpa.UnitTests\AwesomeSpa.UnitTests.csproj", "{9F0DBF80-5356-4693-AD38-7C85B64682F8}"
EndProject
Global
	GlobalSection(SolutionConfigurationPlatforms) = preSolution
		Debug|Any CPU = Debug|Any CPU
		Release|Any CPU = Release|Any CPU
	EndGlobalSection
	GlobalSection(ProjectConfigurationPlatforms) = postSolution
		{A18BE8F9-334C-4798-9178-96332E049F2D}.Debug|Any CPU.ActiveCfg = Debug|Any CPU
		{A18BE8F9-334C-4798-9178-96332E049F2D}.Debug|Any CPU.Build.0 = Debug|Any CPU
		{A18BE8F9-334C-4798-9178-96332E049F2D}.Release|Any CPU.ActiveCfg = Release|Any CPU
		{A18BE8F9-334C-4798-9178-96332E049F2D}.Release|Any CPU.Build.0 = Release|Any CPU
		{9F0DBF80-5356-4693-AD38-7C85B64682F8}.Debug|Any CPU.ActiveCfg = Debug|Any CPU
		{9F0DBF80-5356-4693-AD38-7C85B64682F8}.Debug|Any CPU.Build.0 = Debug|Any CPU
		{9F0DBF80-5356-4693-AD38-7C85B64682F8}.Release|Any CPU.ActiveCfg = Release|Any CPU
		{9F0DBF80-5356-4693-AD38-7C85B64682F8}.Release|Any CPU.Build.0 = Release|Any CPU
	EndGlobalSection
	GlobalSection(SolutionProperties) = preSolution
		HideSolutionNode = FALSE
	EndGlobalSection
	GlobalSection(ExtensibilityGlobals) = postSolution
		SolutionGuid = {12FA1AE4-CD5E-4346-BBAE-90C60D10AE30}
	EndGlobalSection
EndGlobal
